{
  "version": 4,
  "terraform_version": "1.3.9",
  "serial": 336,
  "lineage": "9fbd4671-99d8-c24b-fb12-e58a2d870be2",
  "outputs": {},
  "resources": [
    {
      "module": "module.instance_module",
      "mode": "managed",
      "type": "aws_instance",
      "name": "instance01",
      "provider": "provider[\"registry.terraform.io/hashicorp/aws\"]",
      "instances": [
        {
          "schema_version": 1,
          "attributes": {
            "ami": "ami-03f6a11788f8e319e",
            "arn": "arn:aws:ec2:ap-southeast-1:655612526828:instance/i-020ceaa0f479643f8",
            "associate_public_ip_address": false,
            "availability_zone": "ap-southeast-1b",
            "capacity_reservation_specification": [
              {
                "capacity_reservation_preference": "open",
                "capacity_reservation_target": []
              }
            ],
            "cpu_core_count": 1,
            "cpu_threads_per_core": 1,
            "credit_specification": [
              {
                "cpu_credits": "standard"
              }
            ],
            "disable_api_stop": false,
            "disable_api_termination": false,
            "ebs_block_device": [],
            "ebs_optimized": false,
            "enclave_options": [
              {
                "enabled": false
              }
            ],
            "ephemeral_block_device": [],
            "get_password_data": false,
            "hibernation": false,
            "host_id": "",
            "host_resource_group_arn": null,
            "iam_instance_profile": "",
            "id": "i-020ceaa0f479643f8",
            "instance_initiated_shutdown_behavior": "stop",
            "instance_state": "running",
            "instance_type": "t2.micro",
            "ipv6_address_count": 0,
            "ipv6_addresses": [],
            "key_name": "tf-sshkey",
            "launch_template": [],
            "maintenance_options": [
              {
                "auto_recovery": "default"
              }
            ],
            "metadata_options": [
              {
                "http_endpoint": "enabled",
                "http_put_response_hop_limit": 1,
                "http_tokens": "optional",
                "instance_metadata_tags": "disabled"
              }
            ],
            "monitoring": false,
            "network_interface": [],
            "outpost_arn": "",
            "password_data": "",
            "placement_group": "",
            "placement_partition_number": 0,
            "primary_network_interface_id": "eni-0d6ea018ea746b0fb",
            "private_dns": "ip-172-16-1-101.ap-southeast-1.compute.internal",
            "private_dns_name_options": [
              {
                "enable_resource_name_dns_a_record": false,
                "enable_resource_name_dns_aaaa_record": false,
                "hostname_type": "ip-name"
              }
            ],
            "private_ip": "172.16.1.101",
            "public_dns": "",
            "public_ip": "",
            "root_block_device": [
              {
                "delete_on_termination": true,
                "device_name": "/dev/xvda",
                "encrypted": false,
                "iops": 100,
                "kms_key_id": "",
                "tags": {},
                "throughput": 0,
                "volume_id": "vol-0c52c820b2c0dc520",
                "volume_size": 8,
                "volume_type": "gp2"
              }
            ],
            "secondary_private_ips": [],
            "security_groups": [],
            "source_dest_check": true,
            "subnet_id": "subnet-0cbb412fc1e45f0bf",
            "tags": {
              "Name": "websvr01"
            },
            "tags_all": {
              "Name": "websvr01"
            },
            "tenancy": "default",
            "timeouts": null,
            "user_data": "9c19eb321c6fe3ca7143ab43994ade8ee531c182",
            "user_data_base64": null,
            "user_data_replace_on_change": false,
            "volume_tags": null,
            "vpc_security_group_ids": [
              "sg-0cceb03af9800c1c5"
            ]
          },
          "sensitive_attributes": [],
          "private": "eyJlMmJmYjczMC1lY2FhLTExZTYtOGY4OC0zNDM2M2JjN2M0YzAiOnsiY3JlYXRlIjo2MDAwMDAwMDAwMDAsImRlbGV0ZSI6MTIwMDAwMDAwMDAwMCwidXBkYXRlIjo2MDAwMDAwMDAwMDB9LCJzY2hlbWFfdmVyc2lvbiI6IjEifQ==",
          "dependencies": [
            "module.networking_module.aws_security_group.sg01",
            "module.networking_module.aws_subnet.public_subnet01",
            "module.networking_module.aws_vpc.vpc01",
            "module.sshkey_module.aws_key_pair.kp01",
            "module.sshkey_module.tls_private_key.tls01"
          ]
        }
      ]
    },
    {
      "module": "module.instance_module",
      "mode": "managed",
      "type": "aws_instance",
      "name": "instance02",
      "provider": "provider[\"registry.terraform.io/hashicorp/aws\"]",
      "instances": [
        {
          "schema_version": 1,
          "attributes": {
            "ami": "ami-03f6a11788f8e319e",
            "arn": "arn:aws:ec2:ap-southeast-1:655612526828:instance/i-006efdfbfe06c8e2f",
            "associate_public_ip_address": false,
            "availability_zone": "ap-southeast-1c",
            "capacity_reservation_specification": [
              {
                "capacity_reservation_preference": "open",
                "capacity_reservation_target": []
              }
            ],
            "cpu_core_count": 1,
            "cpu_threads_per_core": 1,
            "credit_specification": [
              {
                "cpu_credits": "standard"
              }
            ],
            "disable_api_stop": false,
            "disable_api_termination": false,
            "ebs_block_device": [],
            "ebs_optimized": false,
            "enclave_options": [
              {
                "enabled": false
              }
            ],
            "ephemeral_block_device": [],
            "get_password_data": false,
            "hibernation": false,
            "host_id": "",
            "host_resource_group_arn": null,
            "iam_instance_profile": "",
            "id": "i-006efdfbfe06c8e2f",
            "instance_initiated_shutdown_behavior": "stop",
            "instance_state": "running",
            "instance_type": "t2.micro",
            "ipv6_address_count": 0,
            "ipv6_addresses": [],
            "key_name": "tf-sshkey",
            "launch_template": [],
            "maintenance_options": [
              {
                "auto_recovery": "default"
              }
            ],
            "metadata_options": [
              {
                "http_endpoint": "enabled",
                "http_put_response_hop_limit": 1,
                "http_tokens": "optional",
                "instance_metadata_tags": "disabled"
              }
            ],
            "monitoring": false,
            "network_interface": [],
            "outpost_arn": "",
            "password_data": "",
            "placement_group": "",
            "placement_partition_number": 0,
            "primary_network_interface_id": "eni-03869538c64149be0",
            "private_dns": "ip-172-16-2-102.ap-southeast-1.compute.internal",
            "private_dns_name_options": [
              {
                "enable_resource_name_dns_a_record": false,
                "enable_resource_name_dns_aaaa_record": false,
                "hostname_type": "ip-name"
              }
            ],
            "private_ip": "172.16.2.102",
            "public_dns": "",
            "public_ip": "",
            "root_block_device": [
              {
                "delete_on_termination": true,
                "device_name": "/dev/xvda",
                "encrypted": false,
                "iops": 100,
                "kms_key_id": "",
                "tags": {},
                "throughput": 0,
                "volume_id": "vol-0d69dbd4527404734",
                "volume_size": 8,
                "volume_type": "gp2"
              }
            ],
            "secondary_private_ips": [],
            "security_groups": [],
            "source_dest_check": true,
            "subnet_id": "subnet-07a050f0e7d810068",
            "tags": {
              "Name": "websvr02"
            },
            "tags_all": {
              "Name": "websvr02"
            },
            "tenancy": "default",
            "timeouts": null,
            "user_data": "0dbb65bf9c48ea92485c69790f658f35ba9e700d",
            "user_data_base64": null,
            "user_data_replace_on_change": false,
            "volume_tags": null,
            "vpc_security_group_ids": [
              "sg-0cceb03af9800c1c5"
            ]
          },
          "sensitive_attributes": [],
          "private": "eyJlMmJmYjczMC1lY2FhLTExZTYtOGY4OC0zNDM2M2JjN2M0YzAiOnsiY3JlYXRlIjo2MDAwMDAwMDAwMDAsImRlbGV0ZSI6MTIwMDAwMDAwMDAwMCwidXBkYXRlIjo2MDAwMDAwMDAwMDB9LCJzY2hlbWFfdmVyc2lvbiI6IjEifQ==",
          "dependencies": [
            "module.networking_module.aws_security_group.sg01",
            "module.networking_module.aws_subnet.public_subnet02",
            "module.networking_module.aws_vpc.vpc01",
            "module.sshkey_module.aws_key_pair.kp01",
            "module.sshkey_module.tls_private_key.tls01"
          ]
        }
      ]
    },
    {
      "module": "module.instance_module",
      "mode": "managed",
      "type": "aws_instance",
      "name": "instance03",
      "provider": "provider[\"registry.terraform.io/hashicorp/aws\"]",
      "instances": [
        {
          "schema_version": 1,
          "attributes": {
            "ami": "ami-03f6a11788f8e319e",
            "arn": "arn:aws:ec2:ap-southeast-1:655612526828:instance/i-0c36c4fae56845447",
            "associate_public_ip_address": false,
            "availability_zone": "ap-southeast-1b",
            "capacity_reservation_specification": [
              {
                "capacity_reservation_preference": "open",
                "capacity_reservation_target": []
              }
            ],
            "cpu_core_count": 1,
            "cpu_threads_per_core": 1,
            "credit_specification": [
              {
                "cpu_credits": "standard"
              }
            ],
            "disable_api_stop": false,
            "disable_api_termination": false,
            "ebs_block_device": [],
            "ebs_optimized": false,
            "enclave_options": [
              {
                "enabled": false
              }
            ],
            "ephemeral_block_device": [],
            "get_password_data": false,
            "hibernation": false,
            "host_id": "",
            "host_resource_group_arn": null,
            "iam_instance_profile": "",
            "id": "i-0c36c4fae56845447",
            "instance_initiated_shutdown_behavior": "stop",
            "instance_state": "running",
            "instance_type": "t2.micro",
            "ipv6_address_count": 0,
            "ipv6_addresses": [],
            "key_name": "tf-sshkey",
            "launch_template": [],
            "maintenance_options": [
              {
                "auto_recovery": "default"
              }
            ],
            "metadata_options": [
              {
                "http_endpoint": "enabled",
                "http_put_response_hop_limit": 1,
                "http_tokens": "optional",
                "instance_metadata_tags": "disabled"
              }
            ],
            "monitoring": false,
            "network_interface": [],
            "outpost_arn": "",
            "password_data": "",
            "placement_group": "",
            "placement_partition_number": 0,
            "primary_network_interface_id": "eni-08b609a4034a7640d",
            "private_dns": "ip-172-16-3-103.ap-southeast-1.compute.internal",
            "private_dns_name_options": [
              {
                "enable_resource_name_dns_a_record": false,
                "enable_resource_name_dns_aaaa_record": false,
                "hostname_type": "ip-name"
              }
            ],
            "private_ip": "172.16.3.103",
            "public_dns": "",
            "public_ip": "",
            "root_block_device": [
              {
                "delete_on_termination": true,
                "device_name": "/dev/xvda",
                "encrypted": false,
                "iops": 100,
                "kms_key_id": "",
                "tags": {},
                "throughput": 0,
                "volume_id": "vol-05d07cc5126b3f309",
                "volume_size": 8,
                "volume_type": "gp2"
              }
            ],
            "secondary_private_ips": [],
            "security_groups": [],
            "source_dest_check": true,
            "subnet_id": "subnet-01ec947e695a9eb0a",
            "tags": {
              "Name": "service01"
            },
            "tags_all": {
              "Name": "service01"
            },
            "tenancy": "default",
            "timeouts": null,
            "user_data": "29c9d601e802e81e898ebe347821437746622845",
            "user_data_base64": null,
            "user_data_replace_on_change": false,
            "volume_tags": null,
            "vpc_security_group_ids": [
              "sg-0cceb03af9800c1c5"
            ]
          },
          "sensitive_attributes": [],
          "private": "eyJlMmJmYjczMC1lY2FhLTExZTYtOGY4OC0zNDM2M2JjN2M0YzAiOnsiY3JlYXRlIjo2MDAwMDAwMDAwMDAsImRlbGV0ZSI6MTIwMDAwMDAwMDAwMCwidXBkYXRlIjo2MDAwMDAwMDAwMDB9LCJzY2hlbWFfdmVyc2lvbiI6IjEifQ==",
          "dependencies": [
            "module.networking_module.aws_security_group.sg01",
            "module.networking_module.aws_subnet.private_subnet01",
            "module.networking_module.aws_vpc.vpc01",
            "module.sshkey_module.aws_key_pair.kp01",
            "module.sshkey_module.tls_private_key.tls01"
          ]
        }
      ]
    },
    {
      "module": "module.instance_module",
      "mode": "managed",
      "type": "aws_instance",
      "name": "instance04",
      "provider": "provider[\"registry.terraform.io/hashicorp/aws\"]",
      "instances": [
        {
          "schema_version": 1,
          "attributes": {
            "ami": "ami-03f6a11788f8e319e",
            "arn": "arn:aws:ec2:ap-southeast-1:655612526828:instance/i-0dd677ce1a1b53703",
            "associate_public_ip_address": false,
            "availability_zone": "ap-southeast-1c",
            "capacity_reservation_specification": [
              {
                "capacity_reservation_preference": "open",
                "capacity_reservation_target": []
              }
            ],
            "cpu_core_count": 1,
            "cpu_threads_per_core": 1,
            "credit_specification": [
              {
                "cpu_credits": "standard"
              }
            ],
            "disable_api_stop": false,
            "disable_api_termination": false,
            "ebs_block_device": [],
            "ebs_optimized": false,
            "enclave_options": [
              {
                "enabled": false
              }
            ],
            "ephemeral_block_device": [],
            "get_password_data": false,
            "hibernation": false,
            "host_id": "",
            "host_resource_group_arn": null,
            "iam_instance_profile": "",
            "id": "i-0dd677ce1a1b53703",
            "instance_initiated_shutdown_behavior": "stop",
            "instance_state": "running",
            "instance_type": "t2.micro",
            "ipv6_address_count": 0,
            "ipv6_addresses": [],
            "key_name": "tf-sshkey",
            "launch_template": [],
            "maintenance_options": [
              {
                "auto_recovery": "default"
              }
            ],
            "metadata_options": [
              {
                "http_endpoint": "enabled",
                "http_put_response_hop_limit": 1,
                "http_tokens": "optional",
                "instance_metadata_tags": "disabled"
              }
            ],
            "monitoring": false,
            "network_interface": [],
            "outpost_arn": "",
            "password_data": "",
            "placement_group": "",
            "placement_partition_number": 0,
            "primary_network_interface_id": "eni-0064e5b99ca9b1c1a",
            "private_dns": "ip-172-16-4-104.ap-southeast-1.compute.internal",
            "private_dns_name_options": [
              {
                "enable_resource_name_dns_a_record": false,
                "enable_resource_name_dns_aaaa_record": false,
                "hostname_type": "ip-name"
              }
            ],
            "private_ip": "172.16.4.104",
            "public_dns": "",
            "public_ip": "",
            "root_block_device": [
              {
                "delete_on_termination": true,
                "device_name": "/dev/xvda",
                "encrypted": false,
                "iops": 100,
                "kms_key_id": "",
                "tags": {},
                "throughput": 0,
                "volume_id": "vol-087b57c0e73f738de",
                "volume_size": 8,
                "volume_type": "gp2"
              }
            ],
            "secondary_private_ips": [],
            "security_groups": [],
            "source_dest_check": true,
            "subnet_id": "subnet-0f982e89f25af2191",
            "tags": {
              "Name": "service02"
            },
            "tags_all": {
              "Name": "service02"
            },
            "tenancy": "default",
            "timeouts": null,
            "user_data": "cdb3074609af8645d286565448d6733777468a7d",
            "user_data_base64": null,
            "user_data_replace_on_change": false,
            "volume_tags": null,
            "vpc_security_group_ids": [
              "sg-0cceb03af9800c1c5"
            ]
          },
          "sensitive_attributes": [],
          "private": "eyJlMmJmYjczMC1lY2FhLTExZTYtOGY4OC0zNDM2M2JjN2M0YzAiOnsiY3JlYXRlIjo2MDAwMDAwMDAwMDAsImRlbGV0ZSI6MTIwMDAwMDAwMDAwMCwidXBkYXRlIjo2MDAwMDAwMDAwMDB9LCJzY2hlbWFfdmVyc2lvbiI6IjEifQ==",
          "dependencies": [
            "module.networking_module.aws_security_group.sg01",
            "module.networking_module.aws_subnet.private_subnet02",
            "module.networking_module.aws_vpc.vpc01",
            "module.sshkey_module.aws_key_pair.kp01",
            "module.sshkey_module.tls_private_key.tls01"
          ]
        }
      ]
    },
    {
      "module": "module.loadbalancer_module",
      "mode": "managed",
      "type": "aws_lb",
      "name": "lb01",
      "provider": "provider[\"registry.terraform.io/hashicorp/aws\"]",
      "instances": [
        {
          "schema_version": 0,
          "attributes": {
            "access_logs": [
              {
                "bucket": "",
                "enabled": false,
                "prefix": ""
              }
            ],
            "arn": "arn:aws:elasticloadbalancing:ap-southeast-1:655612526828:loadbalancer/app/loadbalaner01/023bcd20e0920153",
            "arn_suffix": "app/loadbalaner01/023bcd20e0920153",
            "customer_owned_ipv4_pool": "",
            "desync_mitigation_mode": "defensive",
            "dns_name": "loadbalaner01-848572738.ap-southeast-1.elb.amazonaws.com",
            "drop_invalid_header_fields": false,
            "enable_cross_zone_load_balancing": true,
            "enable_deletion_protection": false,
            "enable_http2": true,
            "enable_waf_fail_open": false,
            "id": "arn:aws:elasticloadbalancing:ap-southeast-1:655612526828:loadbalancer/app/loadbalaner01/023bcd20e0920153",
            "idle_timeout": 60,
            "internal": false,
            "ip_address_type": "ipv4",
            "load_balancer_type": "application",
            "name": "loadbalaner01",
            "name_prefix": null,
            "preserve_host_header": false,
            "security_groups": [
              "sg-0cceb03af9800c1c5"
            ],
            "subnet_mapping": [
              {
                "allocation_id": "",
                "ipv6_address": "",
                "outpost_id": "",
                "private_ipv4_address": "",
                "subnet_id": "subnet-07a050f0e7d810068"
              },
              {
                "allocation_id": "",
                "ipv6_address": "",
                "outpost_id": "",
                "private_ipv4_address": "",
                "subnet_id": "subnet-0cbb412fc1e45f0bf"
              }
            ],
            "subnets": [
              "subnet-07a050f0e7d810068",
              "subnet-0cbb412fc1e45f0bf"
            ],
            "tags": {
              "Name": "lb01"
            },
            "tags_all": {
              "Name": "lb01"
            },
            "timeouts": null,
            "vpc_id": "vpc-0c1cd26c93b351f95",
            "zone_id": "Z1LMS91P8CMLE5"
          },
          "sensitive_attributes": [],
          "private": "eyJlMmJmYjczMC1lY2FhLTExZTYtOGY4OC0zNDM2M2JjN2M0YzAiOnsiY3JlYXRlIjo2MDAwMDAwMDAwMDAsImRlbGV0ZSI6NjAwMDAwMDAwMDAwLCJ1cGRhdGUiOjYwMDAwMDAwMDAwMH19",
          "dependencies": [
            "module.networking_module.aws_security_group.sg01",
            "module.networking_module.aws_subnet.public_subnet01",
            "module.networking_module.aws_subnet.public_subnet02",
            "module.networking_module.aws_vpc.vpc01"
          ]
        }
      ]
    },
    {
      "module": "module.loadbalancer_module",
      "mode": "managed",
      "type": "aws_lb_listener",
      "name": "ltn01",
      "provider": "provider[\"registry.terraform.io/hashicorp/aws\"]",
      "instances": [
        {
          "schema_version": 0,
          "attributes": {
            "alpn_policy": null,
            "arn": "arn:aws:elasticloadbalancing:ap-southeast-1:655612526828:listener/app/loadbalaner01/023bcd20e0920153/07ed7274f4fd8e68",
            "certificate_arn": null,
            "default_action": [
              {
                "authenticate_cognito": [],
                "authenticate_oidc": [],
                "fixed_response": [],
                "forward": [],
                "order": 1,
                "redirect": [],
                "target_group_arn": "arn:aws:elasticloadbalancing:ap-southeast-1:655612526828:targetgroup/target01/278916e6a987e49a",
                "type": "forward"
              }
            ],
            "id": "arn:aws:elasticloadbalancing:ap-southeast-1:655612526828:listener/app/loadbalaner01/023bcd20e0920153/07ed7274f4fd8e68",
            "load_balancer_arn": "arn:aws:elasticloadbalancing:ap-southeast-1:655612526828:loadbalancer/app/loadbalaner01/023bcd20e0920153",
            "port": 80,
            "protocol": "HTTP",
            "ssl_policy": "",
            "tags": null,
            "tags_all": {},
            "timeouts": null
          },
          "sensitive_attributes": [],
          "private": "eyJlMmJmYjczMC1lY2FhLTExZTYtOGY4OC0zNDM2M2JjN2M0YzAiOnsicmVhZCI6NjAwMDAwMDAwMDAwfX0=",
          "dependencies": [
            "module.loadbalancer_module.aws_lb.lb01",
            "module.loadbalancer_module.aws_lb_target_group.tg01",
            "module.networking_module.aws_security_group.sg01",
            "module.networking_module.aws_subnet.public_subnet01",
            "module.networking_module.aws_subnet.public_subnet02",
            "module.networking_module.aws_vpc.vpc01"
          ]
        }
      ]
    },
    {
      "module": "module.loadbalancer_module",
      "mode": "managed",
      "type": "aws_lb_target_group",
      "name": "tg01",
      "provider": "provider[\"registry.terraform.io/hashicorp/aws\"]",
      "instances": [
        {
          "schema_version": 0,
          "attributes": {
            "arn": "arn:aws:elasticloadbalancing:ap-southeast-1:655612526828:targetgroup/target01/278916e6a987e49a",
            "arn_suffix": "targetgroup/target01/278916e6a987e49a",
            "connection_termination": false,
            "deregistration_delay": "300",
            "health_check": [
              {
                "enabled": true,
                "healthy_threshold": 5,
                "interval": 30,
                "matcher": "200",
                "path": "/",
                "port": "traffic-port",
                "protocol": "HTTP",
                "timeout": 5,
                "unhealthy_threshold": 2
              }
            ],
            "id": "arn:aws:elasticloadbalancing:ap-southeast-1:655612526828:targetgroup/target01/278916e6a987e49a",
            "ip_address_type": "ipv4",
            "lambda_multi_value_headers_enabled": false,
            "load_balancing_algorithm_type": "round_robin",
            "name": "target01",
            "name_prefix": null,
            "port": 8080,
            "preserve_client_ip": null,
            "protocol": "HTTP",
            "protocol_version": "HTTP1",
            "proxy_protocol_v2": false,
            "slow_start": 0,
            "stickiness": [
              {
                "cookie_duration": 86400,
                "cookie_name": "",
                "enabled": false,
                "type": "lb_cookie"
              }
            ],
            "tags": null,
            "tags_all": {},
            "target_failover": [
              {
                "on_deregistration": null,
                "on_unhealthy": null
              }
            ],
            "target_type": "instance",
            "vpc_id": "vpc-0c1cd26c93b351f95"
          },
          "sensitive_attributes": [],
          "private": "bnVsbA==",
          "dependencies": [
            "module.networking_module.aws_vpc.vpc01"
          ]
        }
      ]
    },
    {
      "module": "module.loadbalancer_module",
      "mode": "managed",
      "type": "aws_lb_target_group_attachment",
      "name": "attch01",
      "provider": "provider[\"registry.terraform.io/hashicorp/aws\"]",
      "instances": [
        {
          "schema_version": 0,
          "attributes": {
            "availability_zone": null,
            "id": "arn:aws:elasticloadbalancing:ap-southeast-1:655612526828:targetgroup/target01/278916e6a987e49a-20230312095139192300000006",
            "port": 8080,
            "target_group_arn": "arn:aws:elasticloadbalancing:ap-southeast-1:655612526828:targetgroup/target01/278916e6a987e49a",
            "target_id": "i-020ceaa0f479643f8"
          },
          "sensitive_attributes": [],
          "private": "bnVsbA==",
          "dependencies": [
            "module.instance_module.aws_instance.instance01",
            "module.loadbalancer_module.aws_lb_target_group.tg01",
            "module.networking_module.aws_security_group.sg01",
            "module.networking_module.aws_subnet.public_subnet01",
            "module.networking_module.aws_vpc.vpc01",
            "module.sshkey_module.aws_key_pair.kp01",
            "module.sshkey_module.tls_private_key.tls01"
          ]
        }
      ]
    },
    {
      "module": "module.loadbalancer_module",
      "mode": "managed",
      "type": "aws_lb_target_group_attachment",
      "name": "attch02",
      "provider": "provider[\"registry.terraform.io/hashicorp/aws\"]",
      "instances": [
        {
          "schema_version": 0,
          "attributes": {
            "availability_zone": null,
            "id": "arn:aws:elasticloadbalancing:ap-southeast-1:655612526828:targetgroup/target01/278916e6a987e49a-20230312095139981900000007",
            "port": 8080,
            "target_group_arn": "arn:aws:elasticloadbalancing:ap-southeast-1:655612526828:targetgroup/target01/278916e6a987e49a",
            "target_id": "i-006efdfbfe06c8e2f"
          },
          "sensitive_attributes": [],
          "private": "bnVsbA==",
          "dependencies": [
            "module.instance_module.aws_instance.instance02",
            "module.loadbalancer_module.aws_lb_target_group.tg01",
            "module.networking_module.aws_security_group.sg01",
            "module.networking_module.aws_subnet.public_subnet02",
            "module.networking_module.aws_vpc.vpc01",
            "module.sshkey_module.aws_key_pair.kp01",
            "module.sshkey_module.tls_private_key.tls01"
          ]
        }
      ]
    },
    {
      "module": "module.networking_module",
      "mode": "managed",
      "type": "aws_eip",
      "name": "eip01",
      "provider": "provider[\"registry.terraform.io/hashicorp/aws\"]",
      "instances": [
        {
          "schema_version": 0,
          "attributes": {
            "address": null,
            "allocation_id": "eipalloc-00dabe3ddb78e136b",
            "associate_with_private_ip": null,
            "association_id": "",
            "carrier_ip": "",
            "customer_owned_ip": "",
            "customer_owned_ipv4_pool": "",
            "domain": "vpc",
            "id": "eipalloc-00dabe3ddb78e136b",
            "instance": "",
            "network_border_group": "ap-southeast-1",
            "network_interface": "",
            "private_dns": null,
            "private_ip": "",
            "public_dns": "ec2-18-139-80-211.ap-southeast-1.compute.amazonaws.com",
            "public_ip": "18.139.80.211",
            "public_ipv4_pool": "amazon",
            "tags": {
              "Name": "elastic_ip01"
            },
            "tags_all": {
              "Name": "elastic_ip01"
            },
            "timeouts": null,
            "vpc": true
          },
          "sensitive_attributes": [],
          "private": "eyJlMmJmYjczMC1lY2FhLTExZTYtOGY4OC0zNDM2M2JjN2M0YzAiOnsiZGVsZXRlIjoxODAwMDAwMDAwMDAsInJlYWQiOjkwMDAwMDAwMDAwMCwidXBkYXRlIjozMDAwMDAwMDAwMDB9fQ=="
        }
      ]
    },
    {
      "module": "module.networking_module",
      "mode": "managed",
      "type": "aws_eip",
      "name": "eip02",
      "provider": "provider[\"registry.terraform.io/hashicorp/aws\"]",
      "instances": [
        {
          "schema_version": 0,
          "attributes": {
            "address": null,
            "allocation_id": "eipalloc-00d6c08131d4f26fc",
            "associate_with_private_ip": null,
            "association_id": "eipassoc-0cd9e027015a6b0dd",
            "carrier_ip": "",
            "customer_owned_ip": "",
            "customer_owned_ipv4_pool": "",
            "domain": "vpc",
            "id": "eipalloc-00d6c08131d4f26fc",
            "instance": "i-020ceaa0f479643f8",
            "network_border_group": "ap-southeast-1",
            "network_interface": "eni-0d6ea018ea746b0fb",
            "private_dns": "ip-172-16-1-101.ap-southeast-1.compute.internal",
            "private_ip": "172.16.1.101",
            "public_dns": "ec2-13-214-89-96.ap-southeast-1.compute.amazonaws.com",
            "public_ip": "13.214.89.96",
            "public_ipv4_pool": "amazon",
            "tags": {
              "Name": "elastic_ip02"
            },
            "tags_all": {
              "Name": "elastic_ip02"
            },
            "timeouts": null,
            "vpc": true
          },
          "sensitive_attributes": [],
          "private": "eyJlMmJmYjczMC1lY2FhLTExZTYtOGY4OC0zNDM2M2JjN2M0YzAiOnsiZGVsZXRlIjoxODAwMDAwMDAwMDAsInJlYWQiOjkwMDAwMDAwMDAwMCwidXBkYXRlIjozMDAwMDAwMDAwMDB9fQ==",
          "dependencies": [
            "module.instance_module.aws_instance.instance01",
            "module.networking_module.aws_security_group.sg01",
            "module.networking_module.aws_subnet.public_subnet01",
            "module.networking_module.aws_vpc.vpc01",
            "module.sshkey_module.aws_key_pair.kp01",
            "module.sshkey_module.tls_private_key.tls01"
          ]
        }
      ]
    },
    {
      "module": "module.networking_module",
      "mode": "managed",
      "type": "aws_internet_gateway",
      "name": "gw01",
      "provider": "provider[\"registry.terraform.io/hashicorp/aws\"]",
      "instances": [
        {
          "schema_version": 0,
          "attributes": {
            "arn": "arn:aws:ec2:ap-southeast-1:655612526828:internet-gateway/igw-0345374c216e5ab78",
            "id": "igw-0345374c216e5ab78",
            "owner_id": "655612526828",
            "tags": {
              "Name": "gateway01"
            },
            "tags_all": {
              "Name": "gateway01"
            },
            "timeouts": null,
            "vpc_id": "vpc-0c1cd26c93b351f95"
          },
          "sensitive_attributes": [],
          "private": "eyJlMmJmYjczMC1lY2FhLTExZTYtOGY4OC0zNDM2M2JjN2M0YzAiOnsiY3JlYXRlIjoxMjAwMDAwMDAwMDAwLCJkZWxldGUiOjEyMDAwMDAwMDAwMDAsInVwZGF0ZSI6MTIwMDAwMDAwMDAwMH19",
          "dependencies": [
            "module.networking_module.aws_vpc.vpc01"
          ]
        }
      ]
    },
    {
      "module": "module.networking_module",
      "mode": "managed",
      "type": "aws_nat_gateway",
      "name": "nat01",
      "provider": "provider[\"registry.terraform.io/hashicorp/aws\"]",
      "instances": [
        {
          "schema_version": 0,
          "attributes": {
            "allocation_id": "eipalloc-00dabe3ddb78e136b",
            "connectivity_type": "public",
            "id": "nat-0709698de36d315d6",
            "network_interface_id": "eni-055ce77f78da39acd",
            "private_ip": "172.16.1.211",
            "public_ip": "18.139.80.211",
            "subnet_id": "subnet-0cbb412fc1e45f0bf",
            "tags": {
              "Name": "nat01"
            },
            "tags_all": {
              "Name": "nat01"
            }
          },
          "sensitive_attributes": [],
          "private": "bnVsbA==",
          "dependencies": [
            "module.networking_module.aws_eip.eip01",
            "module.networking_module.aws_internet_gateway.gw01",
            "module.networking_module.aws_subnet.public_subnet01",
            "module.networking_module.aws_vpc.vpc01"
          ]
        }
      ]
    },
    {
      "module": "module.networking_module",
      "mode": "managed",
      "type": "aws_route_table",
      "name": "private",
      "provider": "provider[\"registry.terraform.io/hashicorp/aws\"]",
      "instances": [
        {
          "schema_version": 0,
          "attributes": {
            "arn": "arn:aws:ec2:ap-southeast-1:655612526828:route-table/rtb-02dd9a6845ae31a69",
            "id": "rtb-02dd9a6845ae31a69",
            "owner_id": "655612526828",
            "propagating_vgws": [],
            "route": [
              {
                "carrier_gateway_id": "",
                "cidr_block": "0.0.0.0/0",
                "core_network_arn": "",
                "destination_prefix_list_id": "",
                "egress_only_gateway_id": "",
                "gateway_id": "",
                "instance_id": "",
                "ipv6_cidr_block": "",
                "local_gateway_id": "",
                "nat_gateway_id": "nat-0709698de36d315d6",
                "network_interface_id": "",
                "transit_gateway_id": "",
                "vpc_endpoint_id": "",
                "vpc_peering_connection_id": ""
              }
            ],
            "tags": {
              "Name": "private-route-table"
            },
            "tags_all": {
              "Name": "private-route-table"
            },
            "timeouts": null,
            "vpc_id": "vpc-0c1cd26c93b351f95"
          },
          "sensitive_attributes": [],
          "private": "eyJlMmJmYjczMC1lY2FhLTExZTYtOGY4OC0zNDM2M2JjN2M0YzAiOnsiY3JlYXRlIjozMDAwMDAwMDAwMDAsImRlbGV0ZSI6MzAwMDAwMDAwMDAwLCJ1cGRhdGUiOjEyMDAwMDAwMDAwMH19",
          "dependencies": [
            "module.networking_module.aws_eip.eip01",
            "module.networking_module.aws_internet_gateway.gw01",
            "module.networking_module.aws_nat_gateway.nat01",
            "module.networking_module.aws_subnet.public_subnet01",
            "module.networking_module.aws_vpc.vpc01"
          ]
        }
      ]
    },
    {
      "module": "module.networking_module",
      "mode": "managed",
      "type": "aws_route_table",
      "name": "public",
      "provider": "provider[\"registry.terraform.io/hashicorp/aws\"]",
      "instances": [
        {
          "schema_version": 0,
          "attributes": {
            "arn": "arn:aws:ec2:ap-southeast-1:655612526828:route-table/rtb-0887eada69b6e2dde",
            "id": "rtb-0887eada69b6e2dde",
            "owner_id": "655612526828",
            "propagating_vgws": [],
            "route": [
              {
                "carrier_gateway_id": "",
                "cidr_block": "",
                "core_network_arn": "",
                "destination_prefix_list_id": "",
                "egress_only_gateway_id": "",
                "gateway_id": "igw-0345374c216e5ab78",
                "instance_id": "",
                "ipv6_cidr_block": "::/0",
                "local_gateway_id": "",
                "nat_gateway_id": "",
                "network_interface_id": "",
                "transit_gateway_id": "",
                "vpc_endpoint_id": "",
                "vpc_peering_connection_id": ""
              },
              {
                "carrier_gateway_id": "",
                "cidr_block": "0.0.0.0/0",
                "core_network_arn": "",
                "destination_prefix_list_id": "",
                "egress_only_gateway_id": "",
                "gateway_id": "igw-0345374c216e5ab78",
                "instance_id": "",
                "ipv6_cidr_block": "",
                "local_gateway_id": "",
                "nat_gateway_id": "",
                "network_interface_id": "",
                "transit_gateway_id": "",
                "vpc_endpoint_id": "",
                "vpc_peering_connection_id": ""
              }
            ],
            "tags": {
              "Name": "public-route-table"
            },
            "tags_all": {
              "Name": "public-route-table"
            },
            "timeouts": null,
            "vpc_id": "vpc-0c1cd26c93b351f95"
          },
          "sensitive_attributes": [],
          "private": "eyJlMmJmYjczMC1lY2FhLTExZTYtOGY4OC0zNDM2M2JjN2M0YzAiOnsiY3JlYXRlIjozMDAwMDAwMDAwMDAsImRlbGV0ZSI6MzAwMDAwMDAwMDAwLCJ1cGRhdGUiOjEyMDAwMDAwMDAwMH19",
          "dependencies": [
            "module.networking_module.aws_internet_gateway.gw01",
            "module.networking_module.aws_vpc.vpc01"
          ]
        }
      ]
    },
    {
      "module": "module.networking_module",
      "mode": "managed",
      "type": "aws_route_table_association",
      "name": "private01",
      "provider": "provider[\"registry.terraform.io/hashicorp/aws\"]",
      "instances": [
        {
          "schema_version": 0,
          "attributes": {
            "gateway_id": "",
            "id": "rtbassoc-0a9dd995f1ba06a29",
            "route_table_id": "rtb-02dd9a6845ae31a69",
            "subnet_id": "subnet-01ec947e695a9eb0a"
          },
          "sensitive_attributes": [],
          "private": "bnVsbA==",
          "dependencies": [
            "module.networking_module.aws_eip.eip01",
            "module.networking_module.aws_internet_gateway.gw01",
            "module.networking_module.aws_nat_gateway.nat01",
            "module.networking_module.aws_route_table.private",
            "module.networking_module.aws_subnet.private_subnet01",
            "module.networking_module.aws_subnet.public_subnet01",
            "module.networking_module.aws_vpc.vpc01"
          ]
        }
      ]
    },
    {
      "module": "module.networking_module",
      "mode": "managed",
      "type": "aws_route_table_association",
      "name": "private02",
      "provider": "provider[\"registry.terraform.io/hashicorp/aws\"]",
      "instances": [
        {
          "schema_version": 0,
          "attributes": {
            "gateway_id": "",
            "id": "rtbassoc-014707d8b5b11cf12",
            "route_table_id": "rtb-02dd9a6845ae31a69",
            "subnet_id": "subnet-0f982e89f25af2191"
          },
          "sensitive_attributes": [],
          "private": "bnVsbA==",
          "dependencies": [
            "module.networking_module.aws_eip.eip01",
            "module.networking_module.aws_internet_gateway.gw01",
            "module.networking_module.aws_nat_gateway.nat01",
            "module.networking_module.aws_route_table.private",
            "module.networking_module.aws_subnet.private_subnet02",
            "module.networking_module.aws_subnet.public_subnet01",
            "module.networking_module.aws_vpc.vpc01"
          ]
        }
      ]
    },
    {
      "module": "module.networking_module",
      "mode": "managed",
      "type": "aws_route_table_association",
      "name": "public01",
      "provider": "provider[\"registry.terraform.io/hashicorp/aws\"]",
      "instances": [
        {
          "schema_version": 0,
          "attributes": {
            "gateway_id": "",
            "id": "rtbassoc-05f17d250379b8621",
            "route_table_id": "rtb-0887eada69b6e2dde",
            "subnet_id": "subnet-0cbb412fc1e45f0bf"
          },
          "sensitive_attributes": [],
          "private": "bnVsbA==",
          "dependencies": [
            "module.networking_module.aws_internet_gateway.gw01",
            "module.networking_module.aws_route_table.public",
            "module.networking_module.aws_subnet.public_subnet01",
            "module.networking_module.aws_vpc.vpc01"
          ]
        }
      ]
    },
    {
      "module": "module.networking_module",
      "mode": "managed",
      "type": "aws_route_table_association",
      "name": "public02",
      "provider": "provider[\"registry.terraform.io/hashicorp/aws\"]",
      "instances": [
        {
          "schema_version": 0,
          "attributes": {
            "gateway_id": "",
            "id": "rtbassoc-085bfb7353f950b5b",
            "route_table_id": "rtb-0887eada69b6e2dde",
            "subnet_id": "subnet-07a050f0e7d810068"
          },
          "sensitive_attributes": [],
          "private": "bnVsbA==",
          "dependencies": [
            "module.networking_module.aws_internet_gateway.gw01",
            "module.networking_module.aws_route_table.public",
            "module.networking_module.aws_subnet.public_subnet02",
            "module.networking_module.aws_vpc.vpc01"
          ]
        }
      ]
    },
    {
      "module": "module.networking_module",
      "mode": "managed",
      "type": "aws_security_group",
      "name": "sg01",
      "provider": "provider[\"registry.terraform.io/hashicorp/aws\"]",
      "instances": [
        {
          "schema_version": 1,
          "attributes": {
            "arn": "arn:aws:ec2:ap-southeast-1:655612526828:security-group/sg-0cceb03af9800c1c5",
            "description": "Allow web-traffice inbound traffic",
            "egress": [
              {
                "cidr_blocks": [
                  "0.0.0.0/0"
                ],
                "description": "",
                "from_port": 0,
                "ipv6_cidr_blocks": [],
                "prefix_list_ids": [],
                "protocol": "-1",
                "security_groups": [],
                "self": false,
                "to_port": 0
              }
            ],
            "id": "sg-0cceb03af9800c1c5",
            "ingress": [
              {
                "cidr_blocks": [
                  "0.0.0.0/0"
                ],
                "description": "Allow 80",
                "from_port": 80,
                "ipv6_cidr_blocks": [],
                "prefix_list_ids": [],
                "protocol": "tcp",
                "security_groups": [],
                "self": false,
                "to_port": 80
              },
              {
                "cidr_blocks": [
                  "0.0.0.0/0"
                ],
                "description": "Allow 8080",
                "from_port": 8080,
                "ipv6_cidr_blocks": [],
                "prefix_list_ids": [],
                "protocol": "tcp",
                "security_groups": [],
                "self": false,
                "to_port": 8080
              },
              {
                "cidr_blocks": [
                  "0.0.0.0/0"
                ],
                "description": "Allow ssh",
                "from_port": 22,
                "ipv6_cidr_blocks": [],
                "prefix_list_ids": [],
                "protocol": "tcp",
                "security_groups": [],
                "self": false,
                "to_port": 22
              }
            ],
            "name": "allow_web-traffic",
            "name_prefix": "",
            "owner_id": "655612526828",
            "revoke_rules_on_delete": false,
            "tags": {
              "Name": "allow_web-traffic"
            },
            "tags_all": {
              "Name": "allow_web-traffic"
            },
            "timeouts": null,
            "vpc_id": "vpc-0c1cd26c93b351f95"
          },
          "sensitive_attributes": [],
          "private": "eyJlMmJmYjczMC1lY2FhLTExZTYtOGY4OC0zNDM2M2JjN2M0YzAiOnsiY3JlYXRlIjo2MDAwMDAwMDAwMDAsImRlbGV0ZSI6OTAwMDAwMDAwMDAwfSwic2NoZW1hX3ZlcnNpb24iOiIxIn0=",
          "dependencies": [
            "module.networking_module.aws_vpc.vpc01"
          ]
        }
      ]
    },
    {
      "module": "module.networking_module",
      "mode": "managed",
      "type": "aws_subnet",
      "name": "private_subnet01",
      "provider": "provider[\"registry.terraform.io/hashicorp/aws\"]",
      "instances": [
        {
          "schema_version": 1,
          "attributes": {
            "arn": "arn:aws:ec2:ap-southeast-1:655612526828:subnet/subnet-01ec947e695a9eb0a",
            "assign_ipv6_address_on_creation": false,
            "availability_zone": "ap-southeast-1b",
            "availability_zone_id": "apse1-az1",
            "cidr_block": "172.16.3.0/24",
            "customer_owned_ipv4_pool": "",
            "enable_dns64": false,
            "enable_resource_name_dns_a_record_on_launch": false,
            "enable_resource_name_dns_aaaa_record_on_launch": false,
            "id": "subnet-01ec947e695a9eb0a",
            "ipv6_cidr_block": "",
            "ipv6_cidr_block_association_id": "",
            "ipv6_native": false,
            "map_customer_owned_ip_on_launch": false,
            "map_public_ip_on_launch": false,
            "outpost_arn": "",
            "owner_id": "655612526828",
            "private_dns_hostname_type_on_launch": "ip-name",
            "tags": {
              "Name": "private_subnet01"
            },
            "tags_all": {
              "Name": "private_subnet01"
            },
            "timeouts": null,
            "vpc_id": "vpc-0c1cd26c93b351f95"
          },
          "sensitive_attributes": [],
          "private": "eyJlMmJmYjczMC1lY2FhLTExZTYtOGY4OC0zNDM2M2JjN2M0YzAiOnsiY3JlYXRlIjo2MDAwMDAwMDAwMDAsImRlbGV0ZSI6MTIwMDAwMDAwMDAwMH0sInNjaGVtYV92ZXJzaW9uIjoiMSJ9",
          "dependencies": [
            "module.networking_module.aws_vpc.vpc01"
          ]
        }
      ]
    },
    {
      "module": "module.networking_module",
      "mode": "managed",
      "type": "aws_subnet",
      "name": "private_subnet02",
      "provider": "provider[\"registry.terraform.io/hashicorp/aws\"]",
      "instances": [
        {
          "schema_version": 1,
          "attributes": {
            "arn": "arn:aws:ec2:ap-southeast-1:655612526828:subnet/subnet-0f982e89f25af2191",
            "assign_ipv6_address_on_creation": false,
            "availability_zone": "ap-southeast-1c",
            "availability_zone_id": "apse1-az3",
            "cidr_block": "172.16.4.0/24",
            "customer_owned_ipv4_pool": "",
            "enable_dns64": false,
            "enable_resource_name_dns_a_record_on_launch": false,
            "enable_resource_name_dns_aaaa_record_on_launch": false,
            "id": "subnet-0f982e89f25af2191",
            "ipv6_cidr_block": "",
            "ipv6_cidr_block_association_id": "",
            "ipv6_native": false,
            "map_customer_owned_ip_on_launch": false,
            "map_public_ip_on_launch": false,
            "outpost_arn": "",
            "owner_id": "655612526828",
            "private_dns_hostname_type_on_launch": "ip-name",
            "tags": {
              "Name": "private_subnet02"
            },
            "tags_all": {
              "Name": "private_subnet02"
            },
            "timeouts": null,
            "vpc_id": "vpc-0c1cd26c93b351f95"
          },
          "sensitive_attributes": [],
          "private": "eyJlMmJmYjczMC1lY2FhLTExZTYtOGY4OC0zNDM2M2JjN2M0YzAiOnsiY3JlYXRlIjo2MDAwMDAwMDAwMDAsImRlbGV0ZSI6MTIwMDAwMDAwMDAwMH0sInNjaGVtYV92ZXJzaW9uIjoiMSJ9",
          "dependencies": [
            "module.networking_module.aws_vpc.vpc01"
          ]
        }
      ]
    },
    {
      "module": "module.networking_module",
      "mode": "managed",
      "type": "aws_subnet",
      "name": "public_subnet01",
      "provider": "provider[\"registry.terraform.io/hashicorp/aws\"]",
      "instances": [
        {
          "schema_version": 1,
          "attributes": {
            "arn": "arn:aws:ec2:ap-southeast-1:655612526828:subnet/subnet-0cbb412fc1e45f0bf",
            "assign_ipv6_address_on_creation": false,
            "availability_zone": "ap-southeast-1b",
            "availability_zone_id": "apse1-az1",
            "cidr_block": "172.16.1.0/24",
            "customer_owned_ipv4_pool": "",
            "enable_dns64": false,
            "enable_resource_name_dns_a_record_on_launch": false,
            "enable_resource_name_dns_aaaa_record_on_launch": false,
            "id": "subnet-0cbb412fc1e45f0bf",
            "ipv6_cidr_block": "",
            "ipv6_cidr_block_association_id": "",
            "ipv6_native": false,
            "map_customer_owned_ip_on_launch": false,
            "map_public_ip_on_launch": false,
            "outpost_arn": "",
            "owner_id": "655612526828",
            "private_dns_hostname_type_on_launch": "ip-name",
            "tags": {
              "Name": "public_subnet01"
            },
            "tags_all": {
              "Name": "public_subnet01"
            },
            "timeouts": null,
            "vpc_id": "vpc-0c1cd26c93b351f95"
          },
          "sensitive_attributes": [],
          "private": "eyJlMmJmYjczMC1lY2FhLTExZTYtOGY4OC0zNDM2M2JjN2M0YzAiOnsiY3JlYXRlIjo2MDAwMDAwMDAwMDAsImRlbGV0ZSI6MTIwMDAwMDAwMDAwMH0sInNjaGVtYV92ZXJzaW9uIjoiMSJ9",
          "dependencies": [
            "module.networking_module.aws_vpc.vpc01"
          ]
        }
      ]
    },
    {
      "module": "module.networking_module",
      "mode": "managed",
      "type": "aws_subnet",
      "name": "public_subnet02",
      "provider": "provider[\"registry.terraform.io/hashicorp/aws\"]",
      "instances": [
        {
          "schema_version": 1,
          "attributes": {
            "arn": "arn:aws:ec2:ap-southeast-1:655612526828:subnet/subnet-07a050f0e7d810068",
            "assign_ipv6_address_on_creation": false,
            "availability_zone": "ap-southeast-1c",
            "availability_zone_id": "apse1-az3",
            "cidr_block": "172.16.2.0/24",
            "customer_owned_ipv4_pool": "",
            "enable_dns64": false,
            "enable_resource_name_dns_a_record_on_launch": false,
            "enable_resource_name_dns_aaaa_record_on_launch": false,
            "id": "subnet-07a050f0e7d810068",
            "ipv6_cidr_block": "",
            "ipv6_cidr_block_association_id": "",
            "ipv6_native": false,
            "map_customer_owned_ip_on_launch": false,
            "map_public_ip_on_launch": false,
            "outpost_arn": "",
            "owner_id": "655612526828",
            "private_dns_hostname_type_on_launch": "ip-name",
            "tags": {
              "Name": "public_subnet02"
            },
            "tags_all": {
              "Name": "public_subnet02"
            },
            "timeouts": null,
            "vpc_id": "vpc-0c1cd26c93b351f95"
          },
          "sensitive_attributes": [],
          "private": "eyJlMmJmYjczMC1lY2FhLTExZTYtOGY4OC0zNDM2M2JjN2M0YzAiOnsiY3JlYXRlIjo2MDAwMDAwMDAwMDAsImRlbGV0ZSI6MTIwMDAwMDAwMDAwMH0sInNjaGVtYV92ZXJzaW9uIjoiMSJ9",
          "dependencies": [
            "module.networking_module.aws_vpc.vpc01"
          ]
        }
      ]
    },
    {
      "module": "module.networking_module",
      "mode": "managed",
      "type": "aws_vpc",
      "name": "vpc01",
      "provider": "provider[\"registry.terraform.io/hashicorp/aws\"]",
      "instances": [
        {
          "schema_version": 1,
          "attributes": {
            "arn": "arn:aws:ec2:ap-southeast-1:655612526828:vpc/vpc-0c1cd26c93b351f95",
            "assign_generated_ipv6_cidr_block": false,
            "cidr_block": "172.16.0.0/16",
            "default_network_acl_id": "acl-043d7c2d932f40ef2",
            "default_route_table_id": "rtb-0fb246d7f372ef448",
            "default_security_group_id": "sg-0547c169906ec0c8c",
            "dhcp_options_id": "dopt-06a2a22973a05d284",
            "enable_classiclink": false,
            "enable_classiclink_dns_support": false,
            "enable_dns_hostnames": false,
            "enable_dns_support": true,
            "enable_network_address_usage_metrics": false,
            "id": "vpc-0c1cd26c93b351f95",
            "instance_tenancy": "default",
            "ipv4_ipam_pool_id": null,
            "ipv4_netmask_length": null,
            "ipv6_association_id": "",
            "ipv6_cidr_block": "",
            "ipv6_cidr_block_network_border_group": "",
            "ipv6_ipam_pool_id": "",
            "ipv6_netmask_length": 0,
            "main_route_table_id": "rtb-0fb246d7f372ef448",
            "owner_id": "655612526828",
            "tags": {
              "Name": "aws_vpc01"
            },
            "tags_all": {
              "Name": "aws_vpc01"
            }
          },
          "sensitive_attributes": [],
          "private": "eyJzY2hlbWFfdmVyc2lvbiI6IjEifQ=="
        }
      ]
    },
    {
      "module": "module.sshkey_module",
      "mode": "managed",
      "type": "aws_key_pair",
      "name": "kp01",
      "provider": "provider[\"registry.terraform.io/hashicorp/aws\"]",
      "instances": [
        {
          "schema_version": 1,
          "attributes": {
            "arn": "arn:aws:ec2:ap-southeast-1:655612526828:key-pair/tf-sshkey",
            "fingerprint": "09:85:30:f7:f8:34:b9:79:14:51:80:5c:e4:7b:2f:1d",
            "id": "tf-sshkey",
            "key_name": "tf-sshkey",
            "key_name_prefix": "",
            "key_pair_id": "key-04ebe3a8397e15b00",
            "key_type": "rsa",
            "public_key": "ssh-rsa AAAAB3NzaC1yc2EAAAADAQABAAACAQDSUNoP9ZASJ6o1IbplLuxyT74zKyBo7cJ3AN4X0t9TK/nD2W/dyv4fbMAwv528DJe8ZlSQ10J2x+kUDC7U9UtnSNrORCUurCjort7HlfC140u+NEgjA/+kJEzQjVmWTXEH1WasnzJLXTT4zsRD5jXWW5LSYn9TKlcf02UpKLLq0OBNc1Hv3RQ2OK46/PTGzpdzCGA8Z6IwzNlDvyvRAcc1BnBDg0SI3xOG8koacsaG4saueBMsDD7Nqesz+PHprIXk1LDgl1aD7XI7b7mB63elFWbaavFo9kXcGP3RVzTrVshVdGZp3hKN4uf7PkFl+GCuifJ10BPyzxKQ0oMAA6DEnkGiNNoRS8octo0sQkNuWXXAYzTviE5/AZfJTqROIMuPqGI4pXzm4eadJbM4P6IZPGizJw4R02zii1XSe+jtJDMvYOfdFhzCeIcnGWATkwNCMy7OgTC92Qh7U+dLajgICfcLJO6kbSzn3Ds55oewyg4xJDlHgbS7RUEmz9FcDJ4vrtrkqFNrKovtK9zxYLMnG0OfDnoRUU3sp5YJiqNcX8sWB/fcQEsAL6SY3EUVAdlg83ZgynNoPvL9/12ToCMt5gINQyBTMH8+7ORLkPH+PqFm47YzeAyaZtSL2JZ9bZpj6JJzDeBzmmbDybff8ZZpbQkWsx7UHIoN5JhGLElRqQ==",
            "tags": null,
            "tags_all": {}
          },
          "sensitive_attributes": [],
          "private": "eyJzY2hlbWFfdmVyc2lvbiI6IjEifQ==",
          "dependencies": [
            "module.sshkey_module.tls_private_key.tls01"
          ]
        }
      ]
    },
    {
      "module": "module.sshkey_module",
      "mode": "managed",
      "type": "local_file",
      "name": "file01",
      "provider": "provider[\"registry.terraform.io/hashicorp/local\"]",
      "instances": [
        {
          "schema_version": 0,
          "attributes": {
            "content": "-----BEGIN RSA PRIVATE KEY-----\nMIIJKgIBAAKCAgEA0lDaD/WQEieqNSG6ZS7sck++MysgaO3CdwDeF9LfUyv5w9lv\n3cr+H2zAML+dvAyXvGZUkNdCdsfpFAwu1PVLZ0jazkQlLqwo6K7ex5XwteNLvjRI\nIwP/pCRM0I1Zlk1xB9VmrJ8yS100+M7EQ+Y11luS0mJ/UypXH9NlKSiy6tDgTXNR\n790UNjiuOvz0xs6XcwhgPGeiMMzZQ78r0QHHNQZwQ4NEiN8ThvJKGnLGhuLGrngT\nLAw+zanrM/jx6ayF5NSw4JdWg+1yO2+5get3pRVm2mrxaPZF3Bj90Vc061bIVXRm\nad4SjeLn+z5BZfhgronyddAT8s8SkNKDAAOgxJ5BojTaEUvKHLaNLEJDbll1wGM0\n74hOfwGXyU6kTiDLj6hiOKV85uHmnSWzOD+iGTxosycOEdNs4otV0nvo7SQzL2Dn\n3RYcwniHJxlgE5MDQjMuzoEwvdkIe1PnS2o4CAn3CyTupG0s59w7OeaHsMoOMSQ5\nR4G0u0VBJs/RXAyeL67a5KhTayqL7Svc8WCzJxtDnw56EVFN7KeWCYqjXF/LFgf3\n3EBLAC+kmNxFFQHZYPN2YMpzaD7y/f9dk6AjLeYCDUMgUzB/PuzkS5Dx/j6hZuO2\nM3gMmmbUi9iWfW2aY+iScw3gc5pmw8m33/GWaW0JFrMe1ByKDeSYRixJUakCAwEA\nAQKCAgApHk+T4TG6qvCXFLIJiEQIEVkhTeQ3P4zOkWfahorNCwL47HD3jvFiGXP1\n0/C1zEx6NBOCgeNnr6v9FGivkAme9tp4i1AtsNEKtO2vXbxDA15SoIwd9HEtmT8/\nYvNJ9HgNzQYW58UAgQeTQXGTyNVrxFmPMlysWNHR0hWsF13rlMzVt58kYzfJZgmC\nVORSXh+0CMYv6R8HpXUwzpZ1dYCJ+GlIeciTbfG2Z3Zfd2MjCgFIKQeui/JXaUon\nzhsV0XoYBBFUx6HNh0XXIv/Ey9GHgAis2U27dLKx1l0BaahZ/oyKUIiZWCaOgPdT\n4pcMpaPZW/UAXZ8Y0K1TjSS5gvwSOgfxz24xMNgCojU+f2pJIw2TTsMZWyoh0YCZ\nTCQvMAntGFXnDgZ98aoO74P9BFx5e79pHZYeCz2pAsIvI4jNm9g7GMFcDwgGdK+e\n2EHZ2CE/I/ZzGJzpv3NRAfpZDckGKj4mnypTBKQouB09FnaymkuuTiB+v1q/81nA\nnuhrcYVU7u63kQHHf0DXzWZ/uR1f0TWFVnr+baQDAyXB8k7Sgdt8eW8gn0GIuibU\nz19y0Puqs4G6lYJkY+y7Kv7OdnkI0Ip9IK9xs7JQ6zF74MCsCG0PWbrWk2QFvpzn\n7AAdRI+9oOyeyWziRM5+cyfE04hSJbfxF2JgKvLTiBlzVAtTRQKCAQEA8Kppfgbw\n7QdSb1Og3FzxPGKFjz6b60lndjofEE7OHTSgDuen3wr43jg9PwOKJhZHo/X/tq4V\nagDMLETDdcyUhH0xdhaP1dZTHjcVt0dzqCprByo+AqPz1zWGEq54CrPdlCmV0Rfr\ncHY6EKDqoXxyb7/qJ1Sk9zcmWBF0Ol2SNTY6Nw+JOWwdMsHqFBjpvqFYkrxKfvt2\n1/qmL4XRJ+aJ4AiecDjQIqz1AJUiEBtrgh2GQj6L83gYeplJg2gjznTxtQOs7YDU\nN8hgGPRsPOlWsoFiFH4IEpHcxDDu0E8oRNz1EmYuOwUGvWQvla2o4VqliHWgaVmU\nf37lNGP6gs9aVwKCAQEA37dkXMGSZMVRaqa4MwlNZTAIiEVdLanI+LTcRyKqREL6\ngNLocpRLotwEKa4C2MMbDnNId7kK/WXZQ9mybG2PkzoPFIGRA7Hqg3MPzqbrCpzq\nfPa8v4YWs7O9ld5v1OAiKcsflpeQJjpWhLxPoqIWywaO4PILN7mDyCt7gavspbN5\nG+UKhVqT0PtSJc4yb/Vgg21TZtRHOc0O+2896zQf8mIja3qs9vQYvIFt16+VEjIF\nQ/r9yx09ODC5i2dP3a2wnyK++ZCpziMgz4iOTknke8eiDc/jqihht0j+p7ItxACK\nfsbWb1MmV1ShZZrtsSCKDQNfSPZEhaCjNJH4y9kz/wKCAQEAh0MgG2cHThEJceyM\nwo2yQAAXlNTZiTouXjJ4dw/zpFKJixcEMMXX7f2p3pq8sH9hMHP4jtH00ykzl8Xm\nHXUoG/bJL9eqa8MT4C2RlPshs+hzUwmY5J8FU3WPrzxD17AT30woGebZutGX/PSU\nKsLpBonUrtpSBWgHswPMUWl53VJnEb83nwB2wKpgR39hEHVadM5DCG+I8ga8FIWf\nck+OOk5dzjEAOhz/bp5jEK54lB7H8L96pRJgn7c7rBGB3m2308cHEE2R+PAzopLt\nqqZyxc0WNPJI0zcL33CpKIb02Q9e5kJrxVwj15pRbEy4WEA8PR/vUoa4gZfudq2i\nhJbJ7QKCAQEAn0SPpd2FXEqBsPzqTCNGP1CX8nP3Zyfl1PHllJsgPqK0dnwwUkoz\nIsmiCQ5CJpGYNIxsPhe1tDsLF1vnw3uoaHc//yhS1h+WxmhnC4cX9CFMaxS5wVwz\n01GWGhkW4qWCjOB4J5zVWfHUYIEz7KOauIV9uLV4uP5QzHPwZJvCSSFhijNgbxnR\n/Ei/7fxDOiOlx0tQwfdEkejjzqsemNEuIUAu2Tin5NRYu/MlARWWejK0PvZ0MmMp\nj1RY897kI/ygrlptPXz49rFZjYY5UZEXoeu4+j5TZXOERZko+rhGDrEX6DOku/Kl\nbCzrDkvjBmQVBDivYGE63StEpYt6ZZ3HfwKCAQEAmevuFHY2LG0HRGjgQ5b57UiZ\nDp5fogB6wHicqoaW0+wq9nx9JgAgHK2wMzql5RIdyiQEWEpJuthQPlVmvRfwqN42\na0eGg4RhKlpeyEWMfCq/deNr1h4H1lQdybEwBj69GZeDrhdWIv3bBr0l0U4ZBvtz\nxKaYS40MFG5Our+l/K0r1eqmbLSrJ7Fpl2Fukto9GCF3wVRYcfN32hY1W++jALso\nZCOQ8eMpcYk7tb2sXpFF2qn56tGKIMelQc3HcH38UK+yag9PuQFfNpntxEAropJ0\nKxIfX+ukXMuA9lUQgtvQHR3NVMwKOJipKx+Vd7nOhw6u8pzqwj3E2ujNEE9JkQ==\n-----END RSA PRIVATE KEY-----\n",
            "content_base64": null,
            "content_base64sha256": "bzzBcGuLzNks2GNzeU5kCz2UgndImHHrOxb46j/KNdE=",
            "content_base64sha512": "hrUBL1YLkqOEy1sJm6brDYVlgoKfHIQhV0TkZpjpvx1AU4Gz6do9vhG+T51dgOvLo8cdeHjzPntJypDC8YZdAA==",
            "content_md5": "86a5e67d8e4a12d1542a46d0edca10a7",
            "content_sha1": "8c14d0e0b737dadc4430843ee8b8f0adbeb100cb",
            "content_sha256": "6f3cc1706b8bccd92cd86373794e640b3d948277489871eb3b16f8ea3fca35d1",
            "content_sha512": "86b5012f560b92a384cb5b099ba6eb0d856582829f1c84215744e46698e9bf1d405381b3e9da3dbe11be4f9d5d80ebcba3c71d7878f33e7b49ca90c2f1865d00",
            "directory_permission": "0777",
            "file_permission": "0777",
            "filename": "tf-sshkey.pem",
            "id": "8c14d0e0b737dadc4430843ee8b8f0adbeb100cb",
            "sensitive_content": null,
            "source": null
          },
          "sensitive_attributes": [
            [
              {
                "type": "get_attr",
                "value": "content"
              }
            ]
          ],
          "dependencies": [
            "module.sshkey_module.tls_private_key.tls01"
          ]
        }
      ]
    },
    {
      "module": "module.sshkey_module",
      "mode": "managed",
      "type": "tls_private_key",
      "name": "tls01",
      "provider": "provider[\"registry.terraform.io/hashicorp/tls\"]",
      "instances": [
        {
          "schema_version": 1,
          "attributes": {
            "algorithm": "RSA",
            "ecdsa_curve": "P224",
            "id": "554bac6c21203307dfc1dc022ee4fa575aded45b",
            "private_key_openssh": "-----BEGIN OPENSSH PRIVATE KEY-----\nb3BlbnNzaC1rZXktdjEAAAAABG5vbmUAAAAEbm9uZQAAAAAAAAABAAACFwAAAAdz\nc2gtcnNhAAAAAwEAAQAAAgEA0lDaD/WQEieqNSG6ZS7sck++MysgaO3CdwDeF9Lf\nUyv5w9lv3cr+H2zAML+dvAyXvGZUkNdCdsfpFAwu1PVLZ0jazkQlLqwo6K7ex5Xw\nteNLvjRIIwP/pCRM0I1Zlk1xB9VmrJ8yS100+M7EQ+Y11luS0mJ/UypXH9NlKSiy\n6tDgTXNR790UNjiuOvz0xs6XcwhgPGeiMMzZQ78r0QHHNQZwQ4NEiN8ThvJKGnLG\nhuLGrngTLAw+zanrM/jx6ayF5NSw4JdWg+1yO2+5get3pRVm2mrxaPZF3Bj90Vc0\n61bIVXRmad4SjeLn+z5BZfhgronyddAT8s8SkNKDAAOgxJ5BojTaEUvKHLaNLEJD\nbll1wGM074hOfwGXyU6kTiDLj6hiOKV85uHmnSWzOD+iGTxosycOEdNs4otV0nvo\n7SQzL2Dn3RYcwniHJxlgE5MDQjMuzoEwvdkIe1PnS2o4CAn3CyTupG0s59w7OeaH\nsMoOMSQ5R4G0u0VBJs/RXAyeL67a5KhTayqL7Svc8WCzJxtDnw56EVFN7KeWCYqj\nXF/LFgf33EBLAC+kmNxFFQHZYPN2YMpzaD7y/f9dk6AjLeYCDUMgUzB/PuzkS5Dx\n/j6hZuO2M3gMmmbUi9iWfW2aY+iScw3gc5pmw8m33/GWaW0JFrMe1ByKDeSYRixJ\nUakAAAc4he9C6YXvQukAAAAHc3NoLXJzYQAAAgEA0lDaD/WQEieqNSG6ZS7sck++\nMysgaO3CdwDeF9LfUyv5w9lv3cr+H2zAML+dvAyXvGZUkNdCdsfpFAwu1PVLZ0ja\nzkQlLqwo6K7ex5XwteNLvjRIIwP/pCRM0I1Zlk1xB9VmrJ8yS100+M7EQ+Y11luS\n0mJ/UypXH9NlKSiy6tDgTXNR790UNjiuOvz0xs6XcwhgPGeiMMzZQ78r0QHHNQZw\nQ4NEiN8ThvJKGnLGhuLGrngTLAw+zanrM/jx6ayF5NSw4JdWg+1yO2+5get3pRVm\n2mrxaPZF3Bj90Vc061bIVXRmad4SjeLn+z5BZfhgronyddAT8s8SkNKDAAOgxJ5B\nojTaEUvKHLaNLEJDbll1wGM074hOfwGXyU6kTiDLj6hiOKV85uHmnSWzOD+iGTxo\nsycOEdNs4otV0nvo7SQzL2Dn3RYcwniHJxlgE5MDQjMuzoEwvdkIe1PnS2o4CAn3\nCyTupG0s59w7OeaHsMoOMSQ5R4G0u0VBJs/RXAyeL67a5KhTayqL7Svc8WCzJxtD\nnw56EVFN7KeWCYqjXF/LFgf33EBLAC+kmNxFFQHZYPN2YMpzaD7y/f9dk6AjLeYC\nDUMgUzB/PuzkS5Dx/j6hZuO2M3gMmmbUi9iWfW2aY+iScw3gc5pmw8m33/GWaW0J\nFrMe1ByKDeSYRixJUakAAAADAQABAAACACkeT5PhMbqq8JcUsgmIRAgRWSFN5Dc/\njM6RZ9qGis0LAvjscPeO8WIZc/XT8LXMTHo0E4KB42evq/0UaK+QCZ722niLUC2w\n0Qq07a9dvEMDXlKgjB30cS2ZPz9i80n0eA3NBhbnxQCBB5NBcZPI1WvEWY8yXKxY\n0dHSFawXXeuUzNW3nyRjN8lmCYJU5FJeH7QIxi/pHweldTDOlnV1gIn4aUh5yJNt\n8bZndl93YyMKAUgpB66L8ldpSifOGxXRehgEEVTHoc2HRdci/8TL0YeACKzZTbt0\nsrHWXQFpqFn+jIpQiJlYJo6A91Pilwylo9lb9QBdnxjQrVONJLmC/BI6B/HPbjEw\n2AKiNT5/akkjDZNOwxlbKiHRgJlMJC8wCe0YVecOBn3xqg7vg/0EXHl7v2kdlh4L\nPakCwi8jiM2b2DsYwVwPCAZ0r57YQdnYIT8j9nMYnOm/c1EB+lkNyQYqPiafKlME\npCi4HT0WdrKaS65OIH6/Wr/zWcCe6GtxhVTu7reRAcd/QNfNZn+5HV/RNYVWev5t\npAMDJcHyTtKB23x5byCfQYi6JtTPX3LQ+6qzgbqVgmRj7Lsq/s52eQjQin0gr3Gz\nslDrMXvgwKwIbQ9ZutaTZAW+nOfsAB1Ej72g7J7JbOJEzn5zJ8TTiFIlt/EXYmAq\n8tOIGXNUC1NFAAABAQCZ6+4UdjYsbQdEaOBDlvntSJkOnl+iAHrAeJyqhpbT7Cr2\nfH0mACAcrbAzOqXlEh3KJARYSkm62FA+VWa9F/Co3jZrR4aDhGEqWl7IRYx8Kr91\n42vWHgfWVB3JsTAGPr0Zl4OuF1Yi/dsGvSXRThkG+3PEpphLjQwUbk66v6X8rSvV\n6qZstKsnsWmXYW6S2j0YIXfBVFhx83faFjVb76MAuyhkI5Dx4ylxiTu1vaxekUXa\nqfnq0Yogx6VBzcdwffxQr7JqD0+5AV82me3EQCuiknQrEh9f66Rcy4D2VRCC29Ad\nHc1UzAo4mKkrH5V3uc6HDq7ynOrCPcTa6M0QT0mRAAABAQDwqml+BvDtB1JvU6Dc\nXPE8YoWPPpvrSWd2Oh8QTs4dNKAO56ffCvjeOD0/A4omFkej9f+2rhVqAMwsRMN1\nzJSEfTF2Fo/V1lMeNxW3R3OoKmsHKj4Co/PXNYYSrngKs92UKZXRF+twdjoQoOqh\nfHJvv+onVKT3NyZYEXQ6XZI1Njo3D4k5bB0yweoUGOm+oViSvEp++3bX+qYvhdEn\n5ongCJ5wONAirPUAlSIQG2uCHYZCPovzeBh6mUmDaCPOdPG1A6ztgNQ3yGAY9Gw8\n6VaygWIUfggSkdzEMO7QTyhE3PUSZi47BQa9ZC+VrajhWqWIdaBpWZR/fuU0Y/qC\nz1pXAAABAQDft2RcwZJkxVFqprgzCU1lMAiIRV0tqcj4tNxHIqpEQvqA0uhylEui\n3AQprgLYwxsOc0h3uQr9ZdlD2bJsbY+TOg8UgZEDseqDcw/OpusKnOp89ry/hhaz\ns72V3m/U4CIpyx+Wl5AmOlaEvE+iohbLBo7g8gs3uYPIK3uBq+yls3kb5QqFWpPQ\n+1IlzjJv9WCDbVNm1Ec5zQ77bz3rNB/yYiNreqz29Bi8gW3Xr5USMgVD+v3LHT04\nMLmLZ0/drbCfIr75kKnOIyDPiI5OSeR7x6INz+OqKGG3SP6nsi3EAIp+xtZvUyZX\nVKFlmu2xIIoNA19I9kSFoKM0kfjL2TP/AAAAAAEC\n-----END OPENSSH PRIVATE KEY-----\n",
            "private_key_pem": "-----BEGIN RSA PRIVATE KEY-----\nMIIJKgIBAAKCAgEA0lDaD/WQEieqNSG6ZS7sck++MysgaO3CdwDeF9LfUyv5w9lv\n3cr+H2zAML+dvAyXvGZUkNdCdsfpFAwu1PVLZ0jazkQlLqwo6K7ex5XwteNLvjRI\nIwP/pCRM0I1Zlk1xB9VmrJ8yS100+M7EQ+Y11luS0mJ/UypXH9NlKSiy6tDgTXNR\n790UNjiuOvz0xs6XcwhgPGeiMMzZQ78r0QHHNQZwQ4NEiN8ThvJKGnLGhuLGrngT\nLAw+zanrM/jx6ayF5NSw4JdWg+1yO2+5get3pRVm2mrxaPZF3Bj90Vc061bIVXRm\nad4SjeLn+z5BZfhgronyddAT8s8SkNKDAAOgxJ5BojTaEUvKHLaNLEJDbll1wGM0\n74hOfwGXyU6kTiDLj6hiOKV85uHmnSWzOD+iGTxosycOEdNs4otV0nvo7SQzL2Dn\n3RYcwniHJxlgE5MDQjMuzoEwvdkIe1PnS2o4CAn3CyTupG0s59w7OeaHsMoOMSQ5\nR4G0u0VBJs/RXAyeL67a5KhTayqL7Svc8WCzJxtDnw56EVFN7KeWCYqjXF/LFgf3\n3EBLAC+kmNxFFQHZYPN2YMpzaD7y/f9dk6AjLeYCDUMgUzB/PuzkS5Dx/j6hZuO2\nM3gMmmbUi9iWfW2aY+iScw3gc5pmw8m33/GWaW0JFrMe1ByKDeSYRixJUakCAwEA\nAQKCAgApHk+T4TG6qvCXFLIJiEQIEVkhTeQ3P4zOkWfahorNCwL47HD3jvFiGXP1\n0/C1zEx6NBOCgeNnr6v9FGivkAme9tp4i1AtsNEKtO2vXbxDA15SoIwd9HEtmT8/\nYvNJ9HgNzQYW58UAgQeTQXGTyNVrxFmPMlysWNHR0hWsF13rlMzVt58kYzfJZgmC\nVORSXh+0CMYv6R8HpXUwzpZ1dYCJ+GlIeciTbfG2Z3Zfd2MjCgFIKQeui/JXaUon\nzhsV0XoYBBFUx6HNh0XXIv/Ey9GHgAis2U27dLKx1l0BaahZ/oyKUIiZWCaOgPdT\n4pcMpaPZW/UAXZ8Y0K1TjSS5gvwSOgfxz24xMNgCojU+f2pJIw2TTsMZWyoh0YCZ\nTCQvMAntGFXnDgZ98aoO74P9BFx5e79pHZYeCz2pAsIvI4jNm9g7GMFcDwgGdK+e\n2EHZ2CE/I/ZzGJzpv3NRAfpZDckGKj4mnypTBKQouB09FnaymkuuTiB+v1q/81nA\nnuhrcYVU7u63kQHHf0DXzWZ/uR1f0TWFVnr+baQDAyXB8k7Sgdt8eW8gn0GIuibU\nz19y0Puqs4G6lYJkY+y7Kv7OdnkI0Ip9IK9xs7JQ6zF74MCsCG0PWbrWk2QFvpzn\n7AAdRI+9oOyeyWziRM5+cyfE04hSJbfxF2JgKvLTiBlzVAtTRQKCAQEA8Kppfgbw\n7QdSb1Og3FzxPGKFjz6b60lndjofEE7OHTSgDuen3wr43jg9PwOKJhZHo/X/tq4V\nagDMLETDdcyUhH0xdhaP1dZTHjcVt0dzqCprByo+AqPz1zWGEq54CrPdlCmV0Rfr\ncHY6EKDqoXxyb7/qJ1Sk9zcmWBF0Ol2SNTY6Nw+JOWwdMsHqFBjpvqFYkrxKfvt2\n1/qmL4XRJ+aJ4AiecDjQIqz1AJUiEBtrgh2GQj6L83gYeplJg2gjznTxtQOs7YDU\nN8hgGPRsPOlWsoFiFH4IEpHcxDDu0E8oRNz1EmYuOwUGvWQvla2o4VqliHWgaVmU\nf37lNGP6gs9aVwKCAQEA37dkXMGSZMVRaqa4MwlNZTAIiEVdLanI+LTcRyKqREL6\ngNLocpRLotwEKa4C2MMbDnNId7kK/WXZQ9mybG2PkzoPFIGRA7Hqg3MPzqbrCpzq\nfPa8v4YWs7O9ld5v1OAiKcsflpeQJjpWhLxPoqIWywaO4PILN7mDyCt7gavspbN5\nG+UKhVqT0PtSJc4yb/Vgg21TZtRHOc0O+2896zQf8mIja3qs9vQYvIFt16+VEjIF\nQ/r9yx09ODC5i2dP3a2wnyK++ZCpziMgz4iOTknke8eiDc/jqihht0j+p7ItxACK\nfsbWb1MmV1ShZZrtsSCKDQNfSPZEhaCjNJH4y9kz/wKCAQEAh0MgG2cHThEJceyM\nwo2yQAAXlNTZiTouXjJ4dw/zpFKJixcEMMXX7f2p3pq8sH9hMHP4jtH00ykzl8Xm\nHXUoG/bJL9eqa8MT4C2RlPshs+hzUwmY5J8FU3WPrzxD17AT30woGebZutGX/PSU\nKsLpBonUrtpSBWgHswPMUWl53VJnEb83nwB2wKpgR39hEHVadM5DCG+I8ga8FIWf\nck+OOk5dzjEAOhz/bp5jEK54lB7H8L96pRJgn7c7rBGB3m2308cHEE2R+PAzopLt\nqqZyxc0WNPJI0zcL33CpKIb02Q9e5kJrxVwj15pRbEy4WEA8PR/vUoa4gZfudq2i\nhJbJ7QKCAQEAn0SPpd2FXEqBsPzqTCNGP1CX8nP3Zyfl1PHllJsgPqK0dnwwUkoz\nIsmiCQ5CJpGYNIxsPhe1tDsLF1vnw3uoaHc//yhS1h+WxmhnC4cX9CFMaxS5wVwz\n01GWGhkW4qWCjOB4J5zVWfHUYIEz7KOauIV9uLV4uP5QzHPwZJvCSSFhijNgbxnR\n/Ei/7fxDOiOlx0tQwfdEkejjzqsemNEuIUAu2Tin5NRYu/MlARWWejK0PvZ0MmMp\nj1RY897kI/ygrlptPXz49rFZjYY5UZEXoeu4+j5TZXOERZko+rhGDrEX6DOku/Kl\nbCzrDkvjBmQVBDivYGE63StEpYt6ZZ3HfwKCAQEAmevuFHY2LG0HRGjgQ5b57UiZ\nDp5fogB6wHicqoaW0+wq9nx9JgAgHK2wMzql5RIdyiQEWEpJuthQPlVmvRfwqN42\na0eGg4RhKlpeyEWMfCq/deNr1h4H1lQdybEwBj69GZeDrhdWIv3bBr0l0U4ZBvtz\nxKaYS40MFG5Our+l/K0r1eqmbLSrJ7Fpl2Fukto9GCF3wVRYcfN32hY1W++jALso\nZCOQ8eMpcYk7tb2sXpFF2qn56tGKIMelQc3HcH38UK+yag9PuQFfNpntxEAropJ0\nKxIfX+ukXMuA9lUQgtvQHR3NVMwKOJipKx+Vd7nOhw6u8pzqwj3E2ujNEE9JkQ==\n-----END RSA PRIVATE KEY-----\n",
            "private_key_pem_pkcs8": "-----BEGIN PRIVATE KEY-----\nMIIJRAIBADANBgkqhkiG9w0BAQEFAASCCS4wggkqAgEAAoICAQDSUNoP9ZASJ6o1\nIbplLuxyT74zKyBo7cJ3AN4X0t9TK/nD2W/dyv4fbMAwv528DJe8ZlSQ10J2x+kU\nDC7U9UtnSNrORCUurCjort7HlfC140u+NEgjA/+kJEzQjVmWTXEH1WasnzJLXTT4\nzsRD5jXWW5LSYn9TKlcf02UpKLLq0OBNc1Hv3RQ2OK46/PTGzpdzCGA8Z6IwzNlD\nvyvRAcc1BnBDg0SI3xOG8koacsaG4saueBMsDD7Nqesz+PHprIXk1LDgl1aD7XI7\nb7mB63elFWbaavFo9kXcGP3RVzTrVshVdGZp3hKN4uf7PkFl+GCuifJ10BPyzxKQ\n0oMAA6DEnkGiNNoRS8octo0sQkNuWXXAYzTviE5/AZfJTqROIMuPqGI4pXzm4ead\nJbM4P6IZPGizJw4R02zii1XSe+jtJDMvYOfdFhzCeIcnGWATkwNCMy7OgTC92Qh7\nU+dLajgICfcLJO6kbSzn3Ds55oewyg4xJDlHgbS7RUEmz9FcDJ4vrtrkqFNrKovt\nK9zxYLMnG0OfDnoRUU3sp5YJiqNcX8sWB/fcQEsAL6SY3EUVAdlg83ZgynNoPvL9\n/12ToCMt5gINQyBTMH8+7ORLkPH+PqFm47YzeAyaZtSL2JZ9bZpj6JJzDeBzmmbD\nybff8ZZpbQkWsx7UHIoN5JhGLElRqQIDAQABAoICACkeT5PhMbqq8JcUsgmIRAgR\nWSFN5Dc/jM6RZ9qGis0LAvjscPeO8WIZc/XT8LXMTHo0E4KB42evq/0UaK+QCZ72\n2niLUC2w0Qq07a9dvEMDXlKgjB30cS2ZPz9i80n0eA3NBhbnxQCBB5NBcZPI1WvE\nWY8yXKxY0dHSFawXXeuUzNW3nyRjN8lmCYJU5FJeH7QIxi/pHweldTDOlnV1gIn4\naUh5yJNt8bZndl93YyMKAUgpB66L8ldpSifOGxXRehgEEVTHoc2HRdci/8TL0YeA\nCKzZTbt0srHWXQFpqFn+jIpQiJlYJo6A91Pilwylo9lb9QBdnxjQrVONJLmC/BI6\nB/HPbjEw2AKiNT5/akkjDZNOwxlbKiHRgJlMJC8wCe0YVecOBn3xqg7vg/0EXHl7\nv2kdlh4LPakCwi8jiM2b2DsYwVwPCAZ0r57YQdnYIT8j9nMYnOm/c1EB+lkNyQYq\nPiafKlMEpCi4HT0WdrKaS65OIH6/Wr/zWcCe6GtxhVTu7reRAcd/QNfNZn+5HV/R\nNYVWev5tpAMDJcHyTtKB23x5byCfQYi6JtTPX3LQ+6qzgbqVgmRj7Lsq/s52eQjQ\nin0gr3GzslDrMXvgwKwIbQ9ZutaTZAW+nOfsAB1Ej72g7J7JbOJEzn5zJ8TTiFIl\nt/EXYmAq8tOIGXNUC1NFAoIBAQDwqml+BvDtB1JvU6DcXPE8YoWPPpvrSWd2Oh8Q\nTs4dNKAO56ffCvjeOD0/A4omFkej9f+2rhVqAMwsRMN1zJSEfTF2Fo/V1lMeNxW3\nR3OoKmsHKj4Co/PXNYYSrngKs92UKZXRF+twdjoQoOqhfHJvv+onVKT3NyZYEXQ6\nXZI1Njo3D4k5bB0yweoUGOm+oViSvEp++3bX+qYvhdEn5ongCJ5wONAirPUAlSIQ\nG2uCHYZCPovzeBh6mUmDaCPOdPG1A6ztgNQ3yGAY9Gw86VaygWIUfggSkdzEMO7Q\nTyhE3PUSZi47BQa9ZC+VrajhWqWIdaBpWZR/fuU0Y/qCz1pXAoIBAQDft2RcwZJk\nxVFqprgzCU1lMAiIRV0tqcj4tNxHIqpEQvqA0uhylEui3AQprgLYwxsOc0h3uQr9\nZdlD2bJsbY+TOg8UgZEDseqDcw/OpusKnOp89ry/hhazs72V3m/U4CIpyx+Wl5Am\nOlaEvE+iohbLBo7g8gs3uYPIK3uBq+yls3kb5QqFWpPQ+1IlzjJv9WCDbVNm1Ec5\nzQ77bz3rNB/yYiNreqz29Bi8gW3Xr5USMgVD+v3LHT04MLmLZ0/drbCfIr75kKnO\nIyDPiI5OSeR7x6INz+OqKGG3SP6nsi3EAIp+xtZvUyZXVKFlmu2xIIoNA19I9kSF\noKM0kfjL2TP/AoIBAQCHQyAbZwdOEQlx7IzCjbJAABeU1NmJOi5eMnh3D/OkUomL\nFwQwxdft/anemrywf2Ewc/iO0fTTKTOXxeYddSgb9skv16prwxPgLZGU+yGz6HNT\nCZjknwVTdY+vPEPXsBPfTCgZ5tm60Zf89JQqwukGidSu2lIFaAezA8xRaXndUmcR\nvzefAHbAqmBHf2EQdVp0zkMIb4jyBrwUhZ9yT446Tl3OMQA6HP9unmMQrniUHsfw\nv3qlEmCftzusEYHebbfTxwcQTZH48DOiku2qpnLFzRY08kjTNwvfcKkohvTZD17m\nQmvFXCPXmlFsTLhYQDw9H+9ShriBl+52raKElsntAoIBAQCfRI+l3YVcSoGw/OpM\nI0Y/UJfyc/dnJ+XU8eWUmyA+orR2fDBSSjMiyaIJDkImkZg0jGw+F7W0OwsXW+fD\ne6hodz//KFLWH5bGaGcLhxf0IUxrFLnBXDPTUZYaGRbipYKM4HgnnNVZ8dRggTPs\no5q4hX24tXi4/lDMc/Bkm8JJIWGKM2BvGdH8SL/t/EM6I6XHS1DB90SR6OPOqx6Y\n0S4hQC7ZOKfk1Fi78yUBFZZ6MrQ+9nQyYymPVFjz3uQj/KCuWm09fPj2sVmNhjlR\nkReh67j6PlNlc4RFmSj6uEYOsRfoM6S78qVsLOsOS+MGZBUEOK9gYTrdK0Sli3pl\nncd/AoIBAQCZ6+4UdjYsbQdEaOBDlvntSJkOnl+iAHrAeJyqhpbT7Cr2fH0mACAc\nrbAzOqXlEh3KJARYSkm62FA+VWa9F/Co3jZrR4aDhGEqWl7IRYx8Kr9142vWHgfW\nVB3JsTAGPr0Zl4OuF1Yi/dsGvSXRThkG+3PEpphLjQwUbk66v6X8rSvV6qZstKsn\nsWmXYW6S2j0YIXfBVFhx83faFjVb76MAuyhkI5Dx4ylxiTu1vaxekUXaqfnq0Yog\nx6VBzcdwffxQr7JqD0+5AV82me3EQCuiknQrEh9f66Rcy4D2VRCC29AdHc1UzAo4\nmKkrH5V3uc6HDq7ynOrCPcTa6M0QT0mR\n-----END PRIVATE KEY-----\n",
            "public_key_fingerprint_md5": "a9:35:e3:4e:a3:42:cc:3e:c5:28:78:0e:4b:aa:70:8d",
            "public_key_fingerprint_sha256": "SHA256:gahpevHCGi8u1dM7TCGVLCzvYqzpBUc4kluCH7FyYFs",
            "public_key_openssh": "ssh-rsa AAAAB3NzaC1yc2EAAAADAQABAAACAQDSUNoP9ZASJ6o1IbplLuxyT74zKyBo7cJ3AN4X0t9TK/nD2W/dyv4fbMAwv528DJe8ZlSQ10J2x+kUDC7U9UtnSNrORCUurCjort7HlfC140u+NEgjA/+kJEzQjVmWTXEH1WasnzJLXTT4zsRD5jXWW5LSYn9TKlcf02UpKLLq0OBNc1Hv3RQ2OK46/PTGzpdzCGA8Z6IwzNlDvyvRAcc1BnBDg0SI3xOG8koacsaG4saueBMsDD7Nqesz+PHprIXk1LDgl1aD7XI7b7mB63elFWbaavFo9kXcGP3RVzTrVshVdGZp3hKN4uf7PkFl+GCuifJ10BPyzxKQ0oMAA6DEnkGiNNoRS8octo0sQkNuWXXAYzTviE5/AZfJTqROIMuPqGI4pXzm4eadJbM4P6IZPGizJw4R02zii1XSe+jtJDMvYOfdFhzCeIcnGWATkwNCMy7OgTC92Qh7U+dLajgICfcLJO6kbSzn3Ds55oewyg4xJDlHgbS7RUEmz9FcDJ4vrtrkqFNrKovtK9zxYLMnG0OfDnoRUU3sp5YJiqNcX8sWB/fcQEsAL6SY3EUVAdlg83ZgynNoPvL9/12ToCMt5gINQyBTMH8+7ORLkPH+PqFm47YzeAyaZtSL2JZ9bZpj6JJzDeBzmmbDybff8ZZpbQkWsx7UHIoN5JhGLElRqQ==\n",
            "public_key_pem": "-----BEGIN PUBLIC KEY-----\nMIICIjANBgkqhkiG9w0BAQEFAAOCAg8AMIICCgKCAgEA0lDaD/WQEieqNSG6ZS7s\nck++MysgaO3CdwDeF9LfUyv5w9lv3cr+H2zAML+dvAyXvGZUkNdCdsfpFAwu1PVL\nZ0jazkQlLqwo6K7ex5XwteNLvjRIIwP/pCRM0I1Zlk1xB9VmrJ8yS100+M7EQ+Y1\n1luS0mJ/UypXH9NlKSiy6tDgTXNR790UNjiuOvz0xs6XcwhgPGeiMMzZQ78r0QHH\nNQZwQ4NEiN8ThvJKGnLGhuLGrngTLAw+zanrM/jx6ayF5NSw4JdWg+1yO2+5get3\npRVm2mrxaPZF3Bj90Vc061bIVXRmad4SjeLn+z5BZfhgronyddAT8s8SkNKDAAOg\nxJ5BojTaEUvKHLaNLEJDbll1wGM074hOfwGXyU6kTiDLj6hiOKV85uHmnSWzOD+i\nGTxosycOEdNs4otV0nvo7SQzL2Dn3RYcwniHJxlgE5MDQjMuzoEwvdkIe1PnS2o4\nCAn3CyTupG0s59w7OeaHsMoOMSQ5R4G0u0VBJs/RXAyeL67a5KhTayqL7Svc8WCz\nJxtDnw56EVFN7KeWCYqjXF/LFgf33EBLAC+kmNxFFQHZYPN2YMpzaD7y/f9dk6Aj\nLeYCDUMgUzB/PuzkS5Dx/j6hZuO2M3gMmmbUi9iWfW2aY+iScw3gc5pmw8m33/GW\naW0JFrMe1ByKDeSYRixJUakCAwEAAQ==\n-----END PUBLIC KEY-----\n",
            "rsa_bits": 4096
          },
          "sensitive_attributes": []
        }
      ]
    },
    {
      "module": "module.storage",
      "mode": "managed",
      "type": "aws_s3_bucket",
      "name": "bucket01",
      "provider": "provider[\"registry.terraform.io/hashicorp/aws\"]",
      "instances": [
        {
          "schema_version": 0,
          "attributes": {
            "acceleration_status": "",
            "acl": null,
            "arn": "arn:aws:s3:::techwithnc-bucket01",
            "bucket": "techwithnc-bucket01",
            "bucket_domain_name": "techwithnc-bucket01.s3.amazonaws.com",
            "bucket_prefix": null,
            "bucket_regional_domain_name": "techwithnc-bucket01.s3.ap-southeast-1.amazonaws.com",
            "cors_rule": [],
            "force_destroy": true,
            "grant": [
              {
                "id": "6ce860ebbc678509c07a3cafca122e455105c62adc011f97801dc056f400d021",
                "permissions": [
                  "FULL_CONTROL"
                ],
                "type": "CanonicalUser",
                "uri": ""
              }
            ],
            "hosted_zone_id": "Z3O0J2DXBE1FTB",
            "id": "techwithnc-bucket01",
            "lifecycle_rule": [],
            "logging": [],
            "object_lock_configuration": [],
            "object_lock_enabled": false,
            "policy": "",
            "region": "ap-southeast-1",
            "replication_configuration": [],
            "request_payer": "BucketOwner",
            "server_side_encryption_configuration": [
              {
                "rule": [
                  {
                    "apply_server_side_encryption_by_default": [
                      {
                        "kms_master_key_id": "",
                        "sse_algorithm": "AES256"
                      }
                    ],
                    "bucket_key_enabled": false
                  }
                ]
              }
            ],
            "tags": null,
            "tags_all": {},
            "timeouts": null,
            "versioning": [
              {
                "enabled": false,
                "mfa_delete": false
              }
            ],
            "website": [],
            "website_domain": null,
            "website_endpoint": null
          },
          "sensitive_attributes": [],
          "private": "eyJlMmJmYjczMC1lY2FhLTExZTYtOGY4OC0zNDM2M2JjN2M0YzAiOnsiY3JlYXRlIjoxMjAwMDAwMDAwMDAwLCJkZWxldGUiOjM2MDAwMDAwMDAwMDAsInJlYWQiOjEyMDAwMDAwMDAwMDAsInVwZGF0ZSI6MTIwMDAwMDAwMDAwMH19"
        }
      ]
    },
    {
      "module": "module.storage",
      "mode": "managed",
      "type": "aws_s3_bucket_acl",
      "name": "acl01",
      "provider": "provider[\"registry.terraform.io/hashicorp/aws\"]",
      "instances": [
        {
          "schema_version": 0,
          "attributes": {
            "access_control_policy": [
              {
                "grant": [
                  {
                    "grantee": [
                      {
                        "display_name": "techwithnc.techwithnc",
                        "email_address": "",
                        "id": "6ce860ebbc678509c07a3cafca122e455105c62adc011f97801dc056f400d021",
                        "type": "CanonicalUser",
                        "uri": ""
                      }
                    ],
                    "permission": "FULL_CONTROL"
                  }
                ],
                "owner": [
                  {
                    "display_name": "techwithnc.techwithnc",
                    "id": "6ce860ebbc678509c07a3cafca122e455105c62adc011f97801dc056f400d021"
                  }
                ]
              }
            ],
            "acl": "private",
            "bucket": "techwithnc-bucket01",
            "expected_bucket_owner": "",
            "id": "techwithnc-bucket01,private"
          },
          "sensitive_attributes": [],
          "private": "bnVsbA==",
          "dependencies": [
            "module.storage.aws_s3_bucket.bucket01"
          ]
        }
      ]
    },
    {
      "module": "module.storage",
      "mode": "managed",
      "type": "aws_s3_bucket_server_side_encryption_configuration",
      "name": "example",
      "provider": "provider[\"registry.terraform.io/hashicorp/aws\"]",
      "instances": [
        {
          "schema_version": 0,
          "attributes": {
            "bucket": "techwithnc-bucket01",
            "expected_bucket_owner": "",
            "id": "techwithnc-bucket01",
            "rule": [
              {
                "apply_server_side_encryption_by_default": [
                  {
                    "kms_master_key_id": "",
                    "sse_algorithm": "AES256"
                  }
                ],
                "bucket_key_enabled": null
              }
            ]
          },
          "sensitive_attributes": [],
          "private": "bnVsbA==",
          "dependencies": [
            "module.storage.aws_s3_bucket.bucket01"
          ]
        }
      ]
    },
    {
      "module": "module.storage",
      "mode": "managed",
      "type": "aws_s3_bucket_versioning",
      "name": "versioning_example",
      "provider": "provider[\"registry.terraform.io/hashicorp/aws\"]",
      "instances": [
        {
          "schema_version": 0,
          "attributes": {
            "bucket": "techwithnc-bucket01",
            "expected_bucket_owner": "",
            "id": "techwithnc-bucket01",
            "mfa": null,
            "versioning_configuration": [
              {
                "mfa_delete": "",
                "status": "Enabled"
              }
            ]
          },
          "sensitive_attributes": [],
          "private": "bnVsbA==",
          "dependencies": [
            "module.storage.aws_s3_bucket.bucket01"
          ]
        }
      ]
    }
  ],
  "check_results": null
}
